
Microsoft Visual Studio Solution File, Format Version 12.00
# Visual Studio 15
VisualStudioVersion = 15.0.27130.2024
MinimumVisualStudioVersion = 10.0.40219.1
Project("{2150E333-8FDC-42A3-9474-1A3956D46DE8}") = "Engine", "Engine", "{D23DA980-D9B2-4905-A1D0-5F200E66F7CA}"
EndProject
Project("{2150E333-8FDC-42A3-9474-1A3956D46DE8}") = "Games", "Games", "{CA6137FC-B603-4D31-8077-6721185D6454}"
EndProject
Project("{8BC9CEB8-8B4A-11D0-8D11-00A0C91BC942}") = "UE4", "Intermediate\ProjectFiles\UE4.vcxproj", "{ED792BD6-1EFE-491B-BF44-9EA51764F174}"
EndProject
Project("{8BC9CEB8-8B4A-11D0-8D11-00A0C91BC942}") = "BattleTank", "Intermediate\ProjectFiles\BattleTank.vcxproj", "{74CFF8DD-828E-420B-A33A-2B064F43480E}"
EndProject
Global
	GlobalSection(SolutionConfigurationPlatforms) = preSolution
		DebugGame Editor|Android = DebugGame Editor|Android
		DebugGame Editor|HTML5 = DebugGame Editor|HTML5
		DebugGame Editor|IOS = DebugGame Editor|IOS
		DebugGame Editor|Win32 = DebugGame Editor|Win32
		DebugGame Editor|Win64 = DebugGame Editor|Win64
		DebugGame|Android = DebugGame|Android
		DebugGame|HTML5 = DebugGame|HTML5
		DebugGame|IOS = DebugGame|IOS
		DebugGame|Win32 = DebugGame|Win32
		DebugGame|Win64 = DebugGame|Win64
		Development Editor|Android = Development Editor|Android
		Development Editor|HTML5 = Development Editor|HTML5
		Development Editor|IOS = Development Editor|IOS
		Development Editor|Win32 = Development Editor|Win32
		Development Editor|Win64 = Development Editor|Win64
		Development|Android = Development|Android
		Development|HTML5 = Development|HTML5
		Development|IOS = Development|IOS
		Development|Win32 = Development|Win32
		Development|Win64 = Development|Win64
		Shipping|Android = Shipping|Android
		Shipping|HTML5 = Shipping|HTML5
		Shipping|IOS = Shipping|IOS
		Shipping|Win32 = Shipping|Win32
		Shipping|Win64 = Shipping|Win64
	EndGlobalSection
	GlobalSection(ProjectConfigurationPlatforms) = postSolution
		{ED792BD6-1EFE-491B-BF44-9EA51764F174}.DebugGame Editor|Android.ActiveCfg = BuiltWithUnrealBuildTool|Win32
		{ED792BD6-1EFE-491B-BF44-9EA51764F174}.DebugGame Editor|Android.Build.0 = BuiltWithUnrealBuildTool|Win32
		{ED792BD6-1EFE-491B-BF44-9EA51764F174}.DebugGame Editor|HTML5.ActiveCfg = BuiltWithUnrealBuildTool|Win32
		{ED792BD6-1EFE-491B-BF44-9EA51764F174}.DebugGame Editor|HTML5.Build.0 = BuiltWithUnrealBuildTool|Win32
		{ED792BD6-1EFE-491B-BF44-9EA51764F174}.DebugGame Editor|IOS.ActiveCfg = BuiltWithUnrealBuildTool|Win32
		{ED792BD6-1EFE-491B-BF44-9EA51764F174}.DebugGame Editor|IOS.Build.0 = BuiltWithUnrealBuildTool|Win32
		{ED792BD6-1EFE-491B-BF44-9EA51764F174}.DebugGame Editor|Win32.ActiveCfg = BuiltWithUnrealBuildTool|Win32
		{ED792BD6-1EFE-491B-BF44-9EA51764F174}.DebugGame Editor|Win32.Build.0 = BuiltWithUnrealBuildTool|Win32
		{ED792BD6-1EFE-491B-BF44-9EA51764F174}.DebugGame Editor|Win64.ActiveCfg = BuiltWithUnrealBuildTool|Win32
		{ED792BD6-1EFE-491B-BF44-9EA51764F174}.DebugGame Editor|Win64.Build.0 = BuiltWithUnrealBuildTool|Win32
		{ED792BD6-1EFE-491B-BF44-9EA51764F174}.DebugGame|Android.ActiveCfg = BuiltWithUnrealBuildTool|Win32
		{ED792BD6-1EFE-491B-BF44-9EA51764F174}.DebugGame|Android.Build.0 = BuiltWithUnrealBuildTool|Win32
		{ED792BD6-1EFE-491B-BF44-9EA51764F174}.DebugGame|HTML5.ActiveCfg = BuiltWithUnrealBuildTool|Win32
		{ED792BD6-1EFE-491B-BF44-9EA51764F174}.DebugGame|HTML5.Build.0 = BuiltWithUnrealBuildTool|Win32
		{ED792BD6-1EFE-491B-BF44-9EA51764F174}.DebugGame|IOS.ActiveCfg = BuiltWithUnrealBuildTool|Win32
		{ED792BD6-1EFE-491B-BF44-9EA51764F174}.DebugGame|IOS.Build.0 = BuiltWithUnrealBuildTool|Win32
		{ED792BD6-1EFE-491B-BF44-9EA51764F174}.DebugGame|Win32.ActiveCfg = BuiltWithUnrealBuildTool|Win32
		{ED792BD6-1EFE-491B-BF44-9EA51764F174}.DebugGame|Win32.Build.0 = BuiltWithUnrealBuildTool|Win32
		{ED792BD6-1EFE-491B-BF44-9EA51764F174}.DebugGame|Win64.ActiveCfg = BuiltWithUnrealBuildTool|Win32
		{ED792BD6-1EFE-491B-BF44-9EA51764F174}.DebugGame|Win64.Build.0 = BuiltWithUnrealBuildTool|Win32
		{ED792BD6-1EFE-491B-BF44-9EA51764F174}.Development Editor|Android.ActiveCfg = BuiltWithUnrealBuildTool|Win32
		{ED792BD6-1EFE-491B-BF44-9EA51764F174}.Development Editor|Android.Build.0 = BuiltWithUnrealBuildTool|Win32
		{ED792BD6-1EFE-491B-BF44-9EA51764F174}.Development Editor|HTML5.ActiveCfg = BuiltWithUnrealBuildTool|Win32
		{ED792BD6-1EFE-491B-BF44-9EA51764F174}.Development Editor|HTML5.Build.0 = BuiltWithUnrealBuildTool|Win32
		{ED792BD6-1EFE-491B-BF44-9EA51764F174}.Development Editor|IOS.ActiveCfg = BuiltWithUnrealBuildTool|Win32
		{ED792BD6-1EFE-491B-BF44-9EA51764F174}.Development Editor|IOS.Build.0 = BuiltWithUnrealBuildTool|Win32
		{ED792BD6-1EFE-491B-BF44-9EA51764F174}.Development Editor|Win32.ActiveCfg = BuiltWithUnrealBuildTool|Win32
		{ED792BD6-1EFE-491B-BF44-9EA51764F174}.Development Editor|Win32.Build.0 = BuiltWithUnrealBuildTool|Win32
		{ED792BD6-1EFE-491B-BF44-9EA51764F174}.Development Editor|Win64.ActiveCfg = BuiltWithUnrealBuildTool|Win32
		{ED792BD6-1EFE-491B-BF44-9EA51764F174}.Development Editor|Win64.Build.0 = BuiltWithUnrealBuildTool|Win32
		{ED792BD6-1EFE-491B-BF44-9EA51764F174}.Development|Android.ActiveCfg = BuiltWithUnrealBuildTool|Win32
		{ED792BD6-1EFE-491B-BF44-9EA51764F174}.Development|Android.Build.0 = BuiltWithUnrealBuildTool|Win32
		{ED792BD6-1EFE-491B-BF44-9EA51764F174}.Development|HTML5.ActiveCfg = BuiltWithUnrealBuildTool|Win32
		{ED792BD6-1EFE-491B-BF44-9EA51764F174}.Development|HTML5.Build.0 = BuiltWithUnrealBuildTool|Win32
		{ED792BD6-1EFE-491B-BF44-9EA51764F174}.Development|IOS.ActiveCfg = BuiltWithUnrealBuildTool|Win32
		{ED792BD6-1EFE-491B-BF44-9EA51764F174}.Development|IOS.Build.0 = BuiltWithUnrealBuildTool|Win32
		{ED792BD6-1EFE-491B-BF44-9EA51764F174}.Development|Win32.ActiveCfg = BuiltWithUnrealBuildTool|Win32
		{ED792BD6-1EFE-491B-BF44-9EA51764F174}.Development|Win32.Build.0 = BuiltWithUnrealBuildTool|Win32
		{ED792BD6-1EFE-491B-BF44-9EA51764F174}.Development|Win64.ActiveCfg = BuiltWithUnrealBuildTool|Win32
		{ED792BD6-1EFE-491B-BF44-9EA51764F174}.Development|Win64.Build.0 = BuiltWithUnrealBuildTool|Win32
		{ED792BD6-1EFE-491B-BF44-9EA51764F174}.Shipping|Android.ActiveCfg = BuiltWithUnrealBuildTool|Win32
		{ED792BD6-1EFE-491B-BF44-9EA51764F174}.Shipping|Android.Build.0 = BuiltWithUnrealBuildTool|Win32
		{ED792BD6-1EFE-491B-BF44-9EA51764F174}.Shipping|HTML5.ActiveCfg = BuiltWithUnrealBuildTool|Win32
		{ED792BD6-1EFE-491B-BF44-9EA51764F174}.Shipping|HTML5.Build.0 = BuiltWithUnrealBuildTool|Win32
		{ED792BD6-1EFE-491B-BF44-9EA51764F174}.Shipping|IOS.ActiveCfg = BuiltWithUnrealBuildTool|Win32
		{ED792BD6-1EFE-491B-BF44-9EA51764F174}.Shipping|IOS.Build.0 = BuiltWithUnrealBuildTool|Win32
		{ED792BD6-1EFE-491B-BF44-9EA51764F174}.Shipping|Win32.ActiveCfg = BuiltWithUnrealBuildTool|Win32
		{ED792BD6-1EFE-491B-BF44-9EA51764F174}.Shipping|Win32.Build.0 = BuiltWithUnrealBuildTool|Win32
		{ED792BD6-1EFE-491B-BF44-9EA51764F174}.Shipping|Win64.ActiveCfg = BuiltWithUnrealBuildTool|Win32
		{ED792BD6-1EFE-491B-BF44-9EA51764F174}.Shipping|Win64.Build.0 = BuiltWithUnrealBuildTool|Win32
		{74CFF8DD-828E-420B-A33A-2B064F43480E}.DebugGame Editor|Android.ActiveCfg = DebugGame_Editor|Tegra-Android
		{74CFF8DD-828E-420B-A33A-2B064F43480E}.DebugGame Editor|HTML5.ActiveCfg = HTML5_DebugGame_Editor|Win32
		{74CFF8DD-828E-420B-A33A-2B064F43480E}.DebugGame Editor|IOS.ActiveCfg = IOS_DebugGame_Editor|Win32
		{74CFF8DD-828E-420B-A33A-2B064F43480E}.DebugGame Editor|Win32.ActiveCfg = DebugGame_Editor|Win32
		{74CFF8DD-828E-420B-A33A-2B064F43480E}.DebugGame Editor|Win64.ActiveCfg = DebugGame_Editor|x64
		{74CFF8DD-828E-420B-A33A-2B064F43480E}.DebugGame Editor|Win64.Build.0 = DebugGame_Editor|x64
		{74CFF8DD-828E-420B-A33A-2B064F43480E}.DebugGame|Android.ActiveCfg = DebugGame_Game|Tegra-Android
		{74CFF8DD-828E-420B-A33A-2B064F43480E}.DebugGame|Android.Build.0 = DebugGame_Game|Tegra-Android
		{74CFF8DD-828E-420B-A33A-2B064F43480E}.DebugGame|HTML5.ActiveCfg = HTML5_DebugGame_Game|Win32
		{74CFF8DD-828E-420B-A33A-2B064F43480E}.DebugGame|HTML5.Build.0 = HTML5_DebugGame_Game|Win32
		{74CFF8DD-828E-420B-A33A-2B064F43480E}.DebugGame|IOS.ActiveCfg = IOS_DebugGame_Game|Win32
		{74CFF8DD-828E-420B-A33A-2B064F43480E}.DebugGame|IOS.Build.0 = IOS_DebugGame_Game|Win32
		{74CFF8DD-828E-420B-A33A-2B064F43480E}.DebugGame|Win32.ActiveCfg = DebugGame_Game|Win32
		{74CFF8DD-828E-420B-A33A-2B064F43480E}.DebugGame|Win32.Build.0 = DebugGame_Game|Win32
		{74CFF8DD-828E-420B-A33A-2B064F43480E}.DebugGame|Win64.ActiveCfg = DebugGame_Game|x64
		{74CFF8DD-828E-420B-A33A-2B064F43480E}.DebugGame|Win64.Build.0 = DebugGame_Game|x64
		{74CFF8DD-828E-420B-A33A-2B064F43480E}.Development Editor|Android.ActiveCfg = Development_Editor|Tegra-Android
		{74CFF8DD-828E-420B-A33A-2B064F43480E}.Development Editor|HTML5.ActiveCfg = HTML5_Development_Editor|Win32
		{74CFF8DD-828E-420B-A33A-2B064F43480E}.Development Editor|IOS.ActiveCfg = IOS_Development_Editor|Win32
		{74CFF8DD-828E-420B-A33A-2B064F43480E}.Development Editor|Win32.ActiveCfg = Development_Editor|Win32
		{74CFF8DD-828E-420B-A33A-2B064F43480E}.Development Editor|Win64.ActiveCfg = Development_Editor|x64
		{74CFF8DD-828E-420B-A33A-2B064F43480E}.Development Editor|Win64.Build.0 = Development_Editor|x64
		{74CFF8DD-828E-420B-A33A-2B064F43480E}.Development|Android.ActiveCfg = Development_Game|Tegra-Android
		{74CFF8DD-828E-420B-A33A-2B064F43480E}.Development|Android.Build.0 = Development_Game|Tegra-Android
		{74CFF8DD-828E-420B-A33A-2B064F43480E}.Development|HTML5.ActiveCfg = HTML5_Development_Game|Win32
		{74CFF8DD-828E-420B-A33A-2B064F43480E}.Development|HTML5.Build.0 = HTML5_Development_Game|Win32
		{74CFF8DD-828E-420B-A33A-2B064F43480E}.Development|IOS.ActiveCfg = IOS_Development_Game|Win32
		{74CFF8DD-828E-420B-A33A-2B064F43480E}.Development|IOS.Build.0 = IOS_Development_Game|Win32
		{74CFF8DD-828E-420B-A33A-2B064F43480E}.Development|Win32.ActiveCfg = Development_Game|Win32
		{74CFF8DD-828E-420B-A33A-2B064F43480E}.Development|Win32.Build.0 = Development_Game|Win32
		{74CFF8DD-828E-420B-A33A-2B064F43480E}.Development|Win64.ActiveCfg = Development_Game|x64
		{74CFF8DD-828E-420B-A33A-2B064F43480E}.Development|Win64.Build.0 = Development_Game|x64
		{74CFF8DD-828E-420B-A33A-2B064F43480E}.Shipping|Android.ActiveCfg = Shipping_Game|Tegra-Android
		{74CFF8DD-828E-420B-A33A-2B064F43480E}.Shipping|Android.Build.0 = Shipping_Game|Tegra-Android
		{74CFF8DD-828E-420B-A33A-2B064F43480E}.Shipping|HTML5.ActiveCfg = HTML5_Shipping_Game|Win32
		{74CFF8DD-828E-420B-A33A-2B064F43480E}.Shipping|HTML5.Build.0 = HTML5_Shipping_Game|Win32
		{74CFF8DD-828E-420B-A33A-2B064F43480E}.Shipping|IOS.ActiveCfg = IOS_Shipping_Game|Win32
		{74CFF8DD-828E-420B-A33A-2B064F43480E}.Shipping|IOS.Build.0 = IOS_Shipping_Game|Win32
		{74CFF8DD-828E-420B-A33A-2B064F43480E}.Shipping|Win32.ActiveCfg = Shipping_Game|Win32
		{74CFF8DD-828E-420B-A33A-2B064F43480E}.Shipping|Win32.Build.0 = Shipping_Game|Win32
		{74CFF8DD-828E-420B-A33A-2B064F43480E}.Shipping|Win64.ActiveCfg = Shipping_Game|x64
		{74CFF8DD-828E-420B-A33A-2B064F43480E}.Shipping|Win64.Build.0 = Shipping_Game|x64
	EndGlobalSection
	GlobalSection(SolutionProperties) = preSolution
		HideSolutionNode = FALSE
	EndGlobalSection
	GlobalSection(NestedProjects) = preSolution
		{ED792BD6-1EFE-491B-BF44-9EA51764F174} = {D23DA980-D9B2-4905-A1D0-5F200E66F7CA}
		{74CFF8DD-828E-420B-A33A-2B064F43480E} = {CA6137FC-B603-4D31-8077-6721185D6454}
	EndGlobalSection
	GlobalSection(ExtensibilityGlobals) = postSolution
		SolutionGuid = {120E8A43-4F34-4348-824C-AAFD5C5E5591}
	EndGlobalSection
EndGlobal
